
Microsoft Visual Studio Solution File, Format Version 12.00
# Visual Studio Version 16
VisualStudioVersion = 16.0.30104.148
MinimumVisualStudioVersion = 10.0.40219.1
Project("{FAE04EC0-301F-11D3-BF4B-00C04F79EFBC}") = "NoArtifactLights", "NoArtifactLights\NoArtifactLights.csproj", "{4E461EC9-DECE-4CD7-9CE8-DA1B853666EF}"
EndProject
Project("{9A19103F-16F7-4668-BE54-9A1E7A4F7556}") = "CommandPlus", "CommandPlus\CommandPlus\CommandPlus.csproj", "{3B60EA8C-A37B-434A-BB33-322E5A4BFE78}"
EndProject
Global
	GlobalSection(SolutionConfigurationPlatforms) = preSolution
		Debug|Any CPU = Debug|Any CPU
		Debug|x64 = Debug|x64
		Release|Any CPU = Release|Any CPU
		Release|x64 = Release|x64
	EndGlobalSection
	GlobalSection(ProjectConfigurationPlatforms) = postSolution
		{4E461EC9-DECE-4CD7-9CE8-DA1B853666EF}.Debug|Any CPU.ActiveCfg = Debug|Any CPU
		{4E461EC9-DECE-4CD7-9CE8-DA1B853666EF}.Debug|Any CPU.Build.0 = Debug|Any CPU
		{4E461EC9-DECE-4CD7-9CE8-DA1B853666EF}.Debug|x64.ActiveCfg = Debug|x64
		{4E461EC9-DECE-4CD7-9CE8-DA1B853666EF}.Debug|x64.Build.0 = Debug|x64
		{4E461EC9-DECE-4CD7-9CE8-DA1B853666EF}.Release|Any CPU.ActiveCfg = Release|Any CPU
		{4E461EC9-DECE-4CD7-9CE8-DA1B853666EF}.Release|Any CPU.Build.0 = Release|Any CPU
		{4E461EC9-DECE-4CD7-9CE8-DA1B853666EF}.Release|x64.ActiveCfg = Release|x64
		{4E461EC9-DECE-4CD7-9CE8-DA1B853666EF}.Release|x64.Build.0 = Release|x64
		{3B60EA8C-A37B-434A-BB33-322E5A4BFE78}.Debug|Any CPU.ActiveCfg = Debug|Any CPU
		{3B60EA8C-A37B-434A-BB33-322E5A4BFE78}.Debug|Any CPU.Build.0 = Debug|Any CPU
		{3B60EA8C-A37B-434A-BB33-322E5A4BFE78}.Debug|x64.ActiveCfg = Debug|Any CPU
		{3B60EA8C-A37B-434A-BB33-322E5A4BFE78}.Debug|x64.Build.0 = Debug|Any CPU
		{3B60EA8C-A37B-434A-BB33-322E5A4BFE78}.Release|Any CPU.ActiveCfg = Release|Any CPU
		{3B60EA8C-A37B-434A-BB33-322E5A4BFE78}.Release|Any CPU.Build.0 = Release|Any CPU
		{3B60EA8C-A37B-434A-BB33-322E5A4BFE78}.Release|x64.ActiveCfg = Release|Any CPU
		{3B60EA8C-A37B-434A-BB33-322E5A4BFE78}.Release|x64.Build.0 = Release|Any CPU
	EndGlobalSection
	GlobalSection(SolutionProperties) = preSolution
		HideSolutionNode = FALSE
	EndGlobalSection
	GlobalSection(ExtensibilityGlobals) = postSolution
		SolutionGuid = {28C10748-7466-4BE3-A18C-8C0616DAE3D3}
	EndGlobalSection
EndGlobal
